
Microsoft Visual Studio Solution File, Format Version 12.00
# Visual Studio 15
VisualStudioVersion = 15.0.27130.2020
MinimumVisualStudioVersion = 10.0.40219.1
Project("{F184B08F-C81C-45F6-A57F-5ABD9991F28F}") = "KMAudioPlayer-Fix", "KMAudioPlayer-Fix\KMAudioPlayer-Fix.vbproj", "{0D918712-988C-442F-BF5E-8D25EF0A3693}"
EndProject
Project("{F184B08F-C81C-45F6-A57F-5ABD9991F28F}") = "update", "update\update.vbproj", "{8CE1AE86-8A74-419B-A088-5FF9CB7C641F}"
EndProject
Global
	GlobalSection(SolutionConfigurationPlatforms) = preSolution
		Debug|Any CPU = Debug|Any CPU
		Debug|x64 = Debug|x64
		Debug|x86 = Debug|x86
		Release|Any CPU = Release|Any CPU
		Release|x64 = Release|x64
		Release|x86 = Release|x86
	EndGlobalSection
	GlobalSection(ProjectConfigurationPlatforms) = postSolution
		{0D918712-988C-442F-BF5E-8D25EF0A3693}.Debug|Any CPU.ActiveCfg = Debug|x86
		{0D918712-988C-442F-BF5E-8D25EF0A3693}.Debug|Any CPU.Build.0 = Debug|x86
		{0D918712-988C-442F-BF5E-8D25EF0A3693}.Debug|x64.ActiveCfg = Debug|x64
		{0D918712-988C-442F-BF5E-8D25EF0A3693}.Debug|x64.Build.0 = Debug|x64
		{0D918712-988C-442F-BF5E-8D25EF0A3693}.Debug|x86.ActiveCfg = Debug|x86
		{0D918712-988C-442F-BF5E-8D25EF0A3693}.Debug|x86.Build.0 = Debug|x86
		{0D918712-988C-442F-BF5E-8D25EF0A3693}.Release|Any CPU.ActiveCfg = Release|x86
		{0D918712-988C-442F-BF5E-8D25EF0A3693}.Release|x64.ActiveCfg = Release|x86
		{0D918712-988C-442F-BF5E-8D25EF0A3693}.Release|x64.Build.0 = Release|x86
		{0D918712-988C-442F-BF5E-8D25EF0A3693}.Release|x86.ActiveCfg = Release|x86
		{0D918712-988C-442F-BF5E-8D25EF0A3693}.Release|x86.Build.0 = Release|x86
		{8CE1AE86-8A74-419B-A088-5FF9CB7C641F}.Debug|Any CPU.ActiveCfg = Debug|x86
		{8CE1AE86-8A74-419B-A088-5FF9CB7C641F}.Debug|Any CPU.Build.0 = Debug|x86
		{8CE1AE86-8A74-419B-A088-5FF9CB7C641F}.Debug|x64.ActiveCfg = Debug|x64
		{8CE1AE86-8A74-419B-A088-5FF9CB7C641F}.Debug|x64.Build.0 = Debug|x64
		{8CE1AE86-8A74-419B-A088-5FF9CB7C641F}.Debug|x86.ActiveCfg = Debug|x86
		{8CE1AE86-8A74-419B-A088-5FF9CB7C641F}.Debug|x86.Build.0 = Debug|x86
		{8CE1AE86-8A74-419B-A088-5FF9CB7C641F}.Release|Any CPU.ActiveCfg = Release|x86
		{8CE1AE86-8A74-419B-A088-5FF9CB7C641F}.Release|x64.ActiveCfg = Release|x86
		{8CE1AE86-8A74-419B-A088-5FF9CB7C641F}.Release|x64.Build.0 = Release|x86
		{8CE1AE86-8A74-419B-A088-5FF9CB7C641F}.Release|x86.ActiveCfg = Release|x86
		{8CE1AE86-8A74-419B-A088-5FF9CB7C641F}.Release|x86.Build.0 = Release|x86
	EndGlobalSection
	GlobalSection(SolutionProperties) = preSolution
		HideSolutionNode = FALSE
	EndGlobalSection
	GlobalSection(ExtensibilityGlobals) = postSolution
		SolutionGuid = {6FDB3A3D-CD4F-4D22-8E56-FCE7ADE7BCDF}
	EndGlobalSection
EndGlobal
